# This file is autogenerated, do not edit; changes may be undone by the next 'dep ensure'.


[[projects]]
  branch = "master"
  name = "github.com/BurntSushi/xgb"
  packages = [
    ".",
    "render",
    "shm",
    "xproto"
  ]
  revision = "27f122750802c950b2c869a5b63dafcf590ced95"

[[projects]]
  branch = "master"
  name = "golang.org/x/exp"
  packages = [
    "shiny/driver",
    "shiny/driver/gldriver",
    "shiny/driver/internal/drawer",
    "shiny/driver/internal/errscreen",
    "shiny/driver/internal/event",
    "shiny/driver/internal/lifecycler",
    "shiny/driver/internal/swizzle",
    "shiny/driver/internal/win32",
    "shiny/driver/internal/x11key",
    "shiny/driver/windriver",
    "shiny/driver/x11driver",
    "shiny/screen"
  ]
  revision = "8460e604b9de9da5834c9f198cadf9dca4b05cac"

[[projects]]
  branch = "master"
  name = "golang.org/x/image"
  packages = [
    "draw",
    "math/f64"
  ]
  revision = "f3a9b89b59def9194717c1d0bd4c0d08fa1afa7b"

[[projects]]
  branch = "master"
  name = "golang.org/x/mobile"
  packages = [
    "event/key",
    "event/lifecycle",
    "event/mouse",
    "event/paint",
    "event/size",
    "geom",
    "gl"
  ]
  revision = "57eb1e2f00f3328d52fd84be33963ce585e16abb"

[[projects]]
  branch = "master"
  name = "golang.org/x/sys"
  packages = ["windows"]
  revision = "c488ab1dd8481ef762f96a79a9577c27825be697"

[solve-meta]
  analyzer-name = "dep"
  analyzer-version = 1
  inputs-digest = "85e81bee4aca2b779d04fa57f696ff43f401e902aeabe37f3444c4c5522aa2e5"
  solver-name = "gps-cdcl"
  solver-version = 1
