# This file is autogenerated, do not edit; changes may be undone by the next 'dep ensure'.


[[projects]]
  branch = "master"
  name = "github.com/BurntSushi/xgb"
  packages = [
    ".",
    "render",
    "shm",
    "xproto"
  ]
  revision = "27f122750802c950b2c869a5b63dafcf590ced95"

[[projects]]
  branch = "master"
  name = "golang.org/x/exp"
  packages = [
    "shiny/driver",
    "shiny/driver/gldriver",
    "shiny/driver/internal/drawer",
    "shiny/driver/internal/errscreen",
    "shiny/driver/internal/event",
    "shiny/driver/internal/lifecycler",
    "shiny/driver/internal/swizzle",
    "shiny/driver/internal/win32",
    "shiny/driver/internal/x11key",
    "shiny/driver/windriver",
    "shiny/driver/x11driver",
    "shiny/screen"
  ]
  revision = "83bc9a11ae1a00a79c4e59fc5d965d21fe14e6bb"

[[projects]]
  branch = "master"
  name = "golang.org/x/image"
  packages = [
    "draw",
    "math/f64"
  ]
  revision = "12117c17ca67ffa1ce22e9409f3b0b0a93ac08c7"

[[projects]]
  branch = "master"
  name = "golang.org/x/mobile"
  packages = [
    "event/key",
    "event/lifecycle",
    "event/mouse",
    "event/paint",
    "event/size",
    "geom",
    "gl"
  ]
  revision = "70bad68322f4b891e6b4081ab040469b793a9d4a"

[[projects]]
  branch = "master"
  name = "golang.org/x/sys"
  packages = ["windows"]
  revision = "8c0ece68c28377f4c326d85b94f8df0dace46f80"

[solve-meta]
  analyzer-name = "dep"
  analyzer-version = 1
  inputs-digest = "85e81bee4aca2b779d04fa57f696ff43f401e902aeabe37f3444c4c5522aa2e5"
  solver-name = "gps-cdcl"
  solver-version = 1
